schema: '2.0'
stages:
  data_ingestion:
    cmd: python src/data/data_ingestion.py
    deps:
    - path: src/data/data_ingestion.py
      hash: md5
      md5: d8a3282e0696ec7a2f64852fe53b9167
      size: 4473
    params:
      params.yaml:
        data_ingestion.test_size: 0.25
    outs:
    - path: data/raw
      hash: md5
      md5: 49d68ac9e22c6088d4afd89da38f5c38.dir
      size: 6919701
      nfiles: 2
  data_preprocessing:
    cmd: python src/data/data_preprocessing.py
    deps:
    - path: data/raw/test.csv
      hash: md5
      md5: 2e81d6eb492d93987768f731e904781c
      size: 1680931
    - path: data/raw/train.csv
      hash: md5
      md5: 18b3faba324bc010ea34ff2d9244645f
      size: 5238770
    - path: src/data/data_preprocessing.py
      hash: md5
      md5: df0f32f11bd1655614b934d65960ba6e
      size: 3906
    outs:
    - path: data/interim
      hash: md5
      md5: 056a565b1ab539e7c535709c3d4b5e92.dir
      size: 5134850
      nfiles: 2
  model_building:
    cmd: python src/model/model_building.py
    deps:
    - path: data/interim/train_processed.csv
      hash: md5
      md5: b5a818f46d32f38de3b86a761aa39e1e
      size: 3886282
    - path: src/model/model_building.py
      hash: md5
      md5: 7e6a522f542332755cdd8708067dcb99
      size: 5629
    params:
      params.yaml:
        model_building.learning_rate: 0.08
        model_building.max_depth: 20
        model_building.max_features: 10000
        model_building.n_estimators: 367
        model_building.ngram_range:
        - 1
        - 3
    outs:
    - path: lgbm_model.pkl
      hash: md5
      md5: 686e35ae0e4dd9b646bb03a1a28e981e
      size: 4119956
    - path: tfidf_vectorizer.pkl
      hash: md5
      md5: e79ff80a4f56253b7329040285fd0a72
      size: 384000
  model_evaluation:
    cmd: python src/model/model_evaluation.py
    deps:
    - path: data/interim/test_processed.csv
      hash: md5
      md5: 20e0d1f7475c3f6ff20400efbc8c4774
      size: 1248568
    - path: data/interim/train_processed.csv
      hash: md5
      md5: b5a818f46d32f38de3b86a761aa39e1e
      size: 3886282
    - path: lgbm_model.pkl
      hash: md5
      md5: 686e35ae0e4dd9b646bb03a1a28e981e
      size: 4119956
    - path: src/model/model_evaluation.py
      hash: md5
      md5: 2a3085a9815bb76f1b6d5969b969121f
      size: 4288
    - path: tfidf_vectorizer.pkl
      hash: md5
      md5: e79ff80a4f56253b7329040285fd0a72
      size: 384000
