schema: '2.0'
stages:
  data_ingestion:
    cmd: python src/data/data_ingestion.py
    deps:
    - path: src/data/data_ingestion.py
      hash: md5
      md5: 37765ab0e7473c05a2641bdfb2bf3bea
      size: 4336
    params:
      params.yaml:
        data_ingestion.test_size: 0.2
    outs:
    - path: data/raw
      hash: md5
      md5: b855e2bab4e21078d44844fee5be9da3.dir
      size: 6882906
      nfiles: 2
  data_preprocessing:
    cmd: python src/data/data_preprocessing.py
    deps:
    - path: data/raw/test.csv
      hash: md5
      md5: 295b88d81555e67a857db0337244e118
      size: 1341252
    - path: data/raw/train.csv
      hash: md5
      md5: 70faef66e6135c49f7f02db4a55e9fdd
      size: 5541654
    - path: src/data/data_preprocessing.py
      hash: md5
      md5: 6f187b7519f36c5c76febb093ee2e31b
      size: 3783
    outs:
    - path: data/interim
      hash: md5
      md5: 5527e9d39fb5d2dff00e4c1ea6e043bb.dir
      size: 5095933
      nfiles: 2
  model_building:
    cmd: python src/model/model_building.py
    deps:
    - path: data/interim/train_processed.csv
      hash: md5
      md5: dda0bc512b79e45ffac20114f356bdc1
      size: 4103205
    - path: src/model/model_building.py
      hash: md5
      md5: fd2e5a501601116a3bf8d2b8a59853ff
      size: 5473
    params:
      params.yaml:
        model_building.learning_rate: 0.08
        model_building.max_depth: 20
        model_building.max_features: 10000
        model_building.n_estimators: 367
        model_building.ngram_range:
        - 1
        - 3
    outs:
    - path: lgbm_model.pkl
      hash: md5
      md5: f3143ea65cb765793950c130a7a7fd6d
      size: 4113191
    - path: tfidf_vectorizer.pkl
      hash: md5
      md5: 9fbe28a822f3b902c428d6d0a21ddbda
      size: 384148
  model_evaluation:
    cmd: python src/model/model_evaluation.py
    deps:
    - path: data/interim/test_processed.csv
      hash: md5
      md5: 2ae52005e2914f3503f126c5517c049d
      size: 992728
    - path: data/interim/train_processed.csv
      hash: md5
      md5: dda0bc512b79e45ffac20114f356bdc1
      size: 4103205
    - path: lgbm_model.pkl
      hash: md5
      md5: f3143ea65cb765793950c130a7a7fd6d
      size: 4113191
    - path: src/model/model_evaluation.py
      hash: md5
      md5: 778a5fd58fb302b4a9d804548f0c1214
      size: 7375
    - path: tfidf_vectorizer.pkl
      hash: md5
      md5: 9fbe28a822f3b902c428d6d0a21ddbda
      size: 384148
    outs:
    - path: experiment_info.json
      hash: md5
      md5: c24eb7bd440968125d7e7f90671e1cf6
      size: 122
  model_registration:
    cmd: python src/model/register_model.py
    deps:
    - path: experiment_info.json
      hash: md5
      md5: c24eb7bd440968125d7e7f90671e1cf6
      size: 122
    - path: src/model/register_model.py
      hash: md5
      md5: 36bcf2a69f86a5ecb4dfdd3ac0d78a8a
      size: 2248
